
Microsoft Visual Studio Solution File, Format Version 12.00
# Visual Studio Version 17
VisualStudioVersion = 17.2.32630.192
MinimumVisualStudioVersion = 10.0.40219.1
Project("{9A19103F-16F7-4668-BE54-9A1E7A4F7556}") = "ULogger", "ULogger\ULogger.csproj", "{00DD761A-C369-42B0-ABE8-1B86B859A190}"
EndProject
Project("{FAE04EC0-301F-11D3-BF4B-00C04F79EFBC}") = "ULoggerTester", "ULoggerTester\ULoggerTester.csproj", "{C24ABBA8-E18E-41A7-961B-F126E65139EF}"
	ProjectSection(ProjectDependencies) = postProject
		{00DD761A-C369-42B0-ABE8-1B86B859A190} = {00DD761A-C369-42B0-ABE8-1B86B859A190}
	EndProjectSection
EndProject
Global
	GlobalSection(SolutionConfigurationPlatforms) = preSolution
		Debug|Any CPU = Debug|Any CPU
		Release|Any CPU = Release|Any CPU
	EndGlobalSection
	GlobalSection(ProjectConfigurationPlatforms) = postSolution
		{00DD761A-C369-42B0-ABE8-1B86B859A190}.Debug|Any CPU.ActiveCfg = Debug|Any CPU
		{00DD761A-C369-42B0-ABE8-1B86B859A190}.Debug|Any CPU.Build.0 = Debug|Any CPU
		{00DD761A-C369-42B0-ABE8-1B86B859A190}.Release|Any CPU.ActiveCfg = Release|Any CPU
		{00DD761A-C369-42B0-ABE8-1B86B859A190}.Release|Any CPU.Build.0 = Release|Any CPU
		{C24ABBA8-E18E-41A7-961B-F126E65139EF}.Debug|Any CPU.ActiveCfg = Debug|Any CPU
		{C24ABBA8-E18E-41A7-961B-F126E65139EF}.Debug|Any CPU.Build.0 = Debug|Any CPU
		{C24ABBA8-E18E-41A7-961B-F126E65139EF}.Release|Any CPU.ActiveCfg = Release|Any CPU
		{C24ABBA8-E18E-41A7-961B-F126E65139EF}.Release|Any CPU.Build.0 = Release|Any CPU
	EndGlobalSection
	GlobalSection(SolutionProperties) = preSolution
		HideSolutionNode = FALSE
	EndGlobalSection
	GlobalSection(ExtensibilityGlobals) = postSolution
		SolutionGuid = {9AC283AE-5042-4036-9935-72E820010068}
	EndGlobalSection
EndGlobal
